// !$*UTF8*$!
{
	archiveVersion = 1;
	classes = {
	};
	objectVersion = 77;
	objects = {

/* Begin PBXBuildFile section */
		2C41A0C72CD9B6FE006815BC /* Alamofire in Frameworks */ = {isa = PBXBuildFile; productRef = 2C41A0C62CD9B6FE006815BC /* Alamofire */; };
		2C41A0CB2CD9B763006815BC /* UserViewModel.swift in Sources */ = {isa = PBXBuildFile; fileRef = 2C41A0CA2CD9B763006815BC /* UserViewModel.swift */; };
		2C41A0CD2CD9B837006815BC /* LocationManager.swift in Sources */ = {isa = PBXBuildFile; fileRef = 2C41A0CC2CD9B837006815BC /* LocationManager.swift */; };
		2C41A0D02CD9E8C7006815BC /* XMLCoder in Frameworks */ = {isa = PBXBuildFile; productRef = 2C41A0CF2CD9E8C7006815BC /* XMLCoder */; };
		2C41A0D22CD9ED24006815BC /* HostpitalResponse.swift in Sources */ = {isa = PBXBuildFile; fileRef = 2C41A0D12CD9ED24006815BC /* HostpitalResponse.swift */; };
		2C41A0D42CDA054A006815BC /* HospitalMapView.swift in Sources */ = {isa = PBXBuildFile; fileRef = 2C41A0D32CDA054A006815BC /* HospitalMapView.swift */; };
		2C75269C2CDC8EFA00E10C1B /* RoundedCorner.swift in Sources */ = {isa = PBXBuildFile; fileRef = 2C75269B2CDC8EFA00E10C1B /* RoundedCorner.swift */; };
		2C75269E2CDCAA6E00E10C1B /* MapView.swift in Sources */ = {isa = PBXBuildFile; fileRef = 2C75269D2CDCAA6E00E10C1B /* MapView.swift */; };
		2C77E0EF2CDA857E005365CC /* NotoSansKR-Regular.ttf in Resources */ = {isa = PBXBuildFile; fileRef = 2C77E0EC2CDA857E005365CC /* NotoSansKR-Regular.ttf */; };
		2C77E0F02CDA857E005365CC /* NotoSansKR-SemiBold.ttf in Resources */ = {isa = PBXBuildFile; fileRef = 2C77E0ED2CDA857E005365CC /* NotoSansKR-SemiBold.ttf */; };
		2C77E0F12CDA857E005365CC /* NotoSansKR-Bold.ttf in Resources */ = {isa = PBXBuildFile; fileRef = 2C77E0EA2CDA857E005365CC /* NotoSansKR-Bold.ttf */; };
		2C77E0F22CDA857E005365CC /* NotoSansKR-Medium.ttf in Resources */ = {isa = PBXBuildFile; fileRef = 2C77E0EB2CDA857E005365CC /* NotoSansKR-Medium.ttf */; };
		2C77E0F42CDA8626005365CC /* Assets.xcassets in Resources */ = {isa = PBXBuildFile; fileRef = 2C77E0F32CDA8626005365CC /* Assets.xcassets */; };
		2C7F614F2CD491570070998C /* Health_AssistantApp.swift in Sources */ = {isa = PBXBuildFile; fileRef = 2C7F614C2CD491570070998C /* Health_AssistantApp.swift */; };
		2C8E15F52CD89D6E005C9801 /* HealthManager.swift in Sources */ = {isa = PBXBuildFile; fileRef = 2C8E15F42CD89D6E005C9801 /* HealthManager.swift */; };
		2CA0321F2CDD8E3B006DF2DD /* Medication.swift in Sources */ = {isa = PBXBuildFile; fileRef = 2CA0321E2CDD8E3B006DF2DD /* Medication.swift */; };
		2CA032212CDD9269006DF2DD /* TimeView.swift in Sources */ = {isa = PBXBuildFile; fileRef = 2CA032202CDD9269006DF2DD /* TimeView.swift */; };
		500EB88C2CD855C800CCD409 /* CalendarEvent.swift in Sources */ = {isa = PBXBuildFile; fileRef = 500EB88B2CD855C800CCD409 /* CalendarEvent.swift */; };
		500EB8902CD8561800CCD409 /* CalenderViewModel.swift in Sources */ = {isa = PBXBuildFile; fileRef = 500EB88F2CD8561800CCD409 /* CalenderViewModel.swift */; };
		500EB8922CD8568300CCD409 /* HealthCalendarView.swift in Sources */ = {isa = PBXBuildFile; fileRef = 500EB8912CD8568300CCD409 /* HealthCalendarView.swift */; };
		500EB89E2CD866FE00CCD409 /* AddEventView.swift in Sources */ = {isa = PBXBuildFile; fileRef = 500EB89D2CD866FE00CCD409 /* AddEventView.swift */; };
		500EB8A02CD867E300CCD409 /* EditEventView.swift in Sources */ = {isa = PBXBuildFile; fileRef = 500EB89F2CD867E300CCD409 /* EditEventView.swift */; };
		500EB8A82CD8696B00CCD409 /* DayEventsView.swift in Sources */ = {isa = PBXBuildFile; fileRef = 500EB8A72CD8696B00CCD409 /* DayEventsView.swift */; };
		500EFB532CD99B9B0036D4DC /* BackButton.swift in Sources */ = {isa = PBXBuildFile; fileRef = 500EFB512CD99B9B0036D4DC /* BackButton.swift */; };
		500EFB612CD99BB30036D4DC /* CustomColors.swift in Sources */ = {isa = PBXBuildFile; fileRef = 500EFB5E2CD99BB30036D4DC /* CustomColors.swift */; };
		500EFB622CD99BB30036D4DC /* CustomFonts.swift in Sources */ = {isa = PBXBuildFile; fileRef = 500EFB5F2CD99BB30036D4DC /* CustomFonts.swift */; };
		500EFB642CD9A6FB0036D4DC /* SectionView.swift in Sources */ = {isa = PBXBuildFile; fileRef = 500EFB632CD9A6FB0036D4DC /* SectionView.swift */; };
		500EFB662CD9AA240036D4DC /* EventDetailView.swift in Sources */ = {isa = PBXBuildFile; fileRef = 500EFB652CD9AA240036D4DC /* EventDetailView.swift */; };
		5077A2BB2CD9F1D3007D8B18 /* MiniWeekView.swift in Sources */ = {isa = PBXBuildFile; fileRef = 5077A2BA2CD9F1D3007D8B18 /* MiniWeekView.swift */; };
		507906292CD4AA7900AFE182 /* HealthListView.swift in Sources */ = {isa = PBXBuildFile; fileRef = 507906282CD4AA7900AFE182 /* HealthListView.swift */; };
		5079062B2CD4AA9F00AFE182 /* ProfileView.swift in Sources */ = {isa = PBXBuildFile; fileRef = 5079062A2CD4AA9F00AFE182 /* ProfileView.swift */; };
		5079062F2CD4AAB300AFE182 /* HomeView.swift in Sources */ = {isa = PBXBuildFile; fileRef = 5079062D2CD4AAB300AFE182 /* HomeView.swift */; };
		50F5CE0B2CDA926900B22E2E /* MainTabView.swift in Sources */ = {isa = PBXBuildFile; fileRef = 50F5CE0A2CDA926900B22E2E /* MainTabView.swift */; };
		50FC2E552CDA0484000C1EB8 /* ProfileViewModel.swift in Sources */ = {isa = PBXBuildFile; fileRef = 50FC2E542CDA0484000C1EB8 /* ProfileViewModel.swift */; };
		50FC2E592CDA0506000C1EB8 /* ProfileModel.swift in Sources */ = {isa = PBXBuildFile; fileRef = 50FC2E582CDA0506000C1EB8 /* ProfileModel.swift */; };
		50FC2E5B2CDA06C2000C1EB8 /* ProfileEditView.swift in Sources */ = {isa = PBXBuildFile; fileRef = 50FC2E5A2CDA06C2000C1EB8 /* ProfileEditView.swift */; };
		50FC2E5D2CDA06DF000C1EB8 /* PasswordChangeView.swift in Sources */ = {isa = PBXBuildFile; fileRef = 50FC2E5C2CDA06DF000C1EB8 /* PasswordChangeView.swift */; };
		50FC2E5F2CDA070C000C1EB8 /* NotificationSettingsView.swift in Sources */ = {isa = PBXBuildFile; fileRef = 50FC2E5E2CDA070C000C1EB8 /* NotificationSettingsView.swift */; };
		50FC2E612CDA0736000C1EB8 /* AccountManagementView.swift in Sources */ = {isa = PBXBuildFile; fileRef = 50FC2E602CDA0736000C1EB8 /* AccountManagementView.swift */; };
		50FC2E632CDA0748000C1EB8 /* AccountDeletionView.swift in Sources */ = {isa = PBXBuildFile; fileRef = 50FC2E622CDA0748000C1EB8 /* AccountDeletionView.swift */; };
		770FA17D2CD9A97800949C07 /* MedicationListView.swift in Sources */ = {isa = PBXBuildFile; fileRef = 770FA17C2CD9A97800949C07 /* MedicationListView.swift */; };
		770FA1832CDA094D00949C07 /* MedicationIconView.swift in Sources */ = {isa = PBXBuildFile; fileRef = 770FA1822CDA094D00949C07 /* MedicationIconView.swift */; };
		773997192CD852C5008DE12E /* MedicationMainView.swift in Sources */ = {isa = PBXBuildFile; fileRef = 773997182CD852C5008DE12E /* MedicationMainView.swift */; };
		7739971B2CD85306008DE12E /* MedicationDetailView.swift in Sources */ = {isa = PBXBuildFile; fileRef = 7739971A2CD85306008DE12E /* MedicationDetailView.swift */; };
		7739971D2CD85319008DE12E /* MedicationAddView.swift in Sources */ = {isa = PBXBuildFile; fileRef = 7739971C2CD85319008DE12E /* MedicationAddView.swift */; };
		7739971F2CD85337008DE12E /* MedicationSearchView.swift in Sources */ = {isa = PBXBuildFile; fileRef = 7739971E2CD85337008DE12E /* MedicationSearchView.swift */; };
		773997232CD8573D008DE12E /* MedicationViewModel.swift in Sources */ = {isa = PBXBuildFile; fileRef = 773997222CD8573D008DE12E /* MedicationViewModel.swift */; };
		77C7F7CF2CD7BC9B00D345E5 /* NotoSansKR-Bold.ttf in Resources */ = {isa = PBXBuildFile; fileRef = 77C7F7CB2CD7BC9B00D345E5 /* NotoSansKR-Bold.ttf */; };
		77C7F7D02CD7BC9B00D345E5 /* NotoSansKR-Medium.ttf in Resources */ = {isa = PBXBuildFile; fileRef = 77C7F7CC2CD7BC9B00D345E5 /* NotoSansKR-Medium.ttf */; };
		77C7F7D12CD7BC9B00D345E5 /* NotoSansKR-Regular.ttf in Resources */ = {isa = PBXBuildFile; fileRef = 77C7F7CD2CD7BC9B00D345E5 /* NotoSansKR-Regular.ttf */; };
		77C7F7D22CD7BC9B00D345E5 /* NotoSansKR-SemiBold.ttf in Resources */ = {isa = PBXBuildFile; fileRef = 77C7F7CE2CD7BC9B00D345E5 /* NotoSansKR-SemiBold.ttf */; };
		EB1D3F062CDBC4B900FA9732 /* DataManager.swift in Sources */ = {isa = PBXBuildFile; fileRef = EB1D3F052CDBC4B900FA9732 /* DataManager.swift */; };
		EBE1608D2CD78B1E003E7CC2 /* LoginView.swift in Sources */ = {isa = PBXBuildFile; fileRef = EBE1608C2CD78B1E003E7CC2 /* LoginView.swift */; };
		EBE160912CD7CC23003E7CC2 /* JoinView.swift in Sources */ = {isa = PBXBuildFile; fileRef = EBE160902CD7CC23003E7CC2 /* JoinView.swift */; };
		EBE160952CD7CF4E003E7CC2 /* TextFieldView.swift in Sources */ = {isa = PBXBuildFile; fileRef = EBE160942CD7CF4E003E7CC2 /* TextFieldView.swift */; };
		EBE160992CD7D357003E7CC2 /* EmailLoginView.swift in Sources */ = {isa = PBXBuildFile; fileRef = EBE160982CD7D357003E7CC2 /* EmailLoginView.swift */; };
		EBE1609B2CD85F59003E7CC2 /* ProfileSetting.swift in Sources */ = {isa = PBXBuildFile; fileRef = EBE1609A2CD85F59003E7CC2 /* ProfileSetting.swift */; };
		EBE160A42CD8AF36003E7CC2 /* ProfileImageView.swift in Sources */ = {isa = PBXBuildFile; fileRef = EBE160A32CD8AF36003E7CC2 /* ProfileImageView.swift */; };
		EBE160A62CD8F218003E7CC2 /* HealthAllowView.swift in Sources */ = {isa = PBXBuildFile; fileRef = EBE160A52CD8F218003E7CC2 /* HealthAllowView.swift */; };
		EBE160A82CD8FFD4003E7CC2 /* HealthSheetView.swift in Sources */ = {isa = PBXBuildFile; fileRef = EBE160A72CD8FFD4003E7CC2 /* HealthSheetView.swift */; };
		EBE160AB2CDA0A1B003E7CC2 /* HealthKitManager.swift in Sources */ = {isa = PBXBuildFile; fileRef = EBE160AA2CDA0A1B003E7CC2 /* HealthKitManager.swift */; };
		F605D7CE2CD8AE30008DC5FC /* MarkdownUI in Frameworks */ = {isa = PBXBuildFile; productRef = F605D7CD2CD8AE30008DC5FC /* MarkdownUI */; };
		F64B23FE2CD8838600944503 /* NewReportView.swift in Sources */ = {isa = PBXBuildFile; fileRef = F64B23FD2CD8837A00944503 /* NewReportView.swift */; };
		F64B24002CD883A500944503 /* ReportsDetailView.swift in Sources */ = {isa = PBXBuildFile; fileRef = F64B23FF2CD8839C00944503 /* ReportsDetailView.swift */; };
		F64B24022CD883C100944503 /* HealthReport.swift in Sources */ = {isa = PBXBuildFile; fileRef = F64B24012CD883BC00944503 /* HealthReport.swift */; };
		F6CFC5A72CDB3110003C0087 /* ReportHealthManager.swift in Sources */ = {isa = PBXBuildFile; fileRef = F6CFC5A62CDB310F003C0087 /* ReportHealthManager.swift */; };
/* End PBXBuildFile section */

/* Begin PBXFileReference section */
		2C41A0CA2CD9B763006815BC /* UserViewModel.swift */ = {isa = PBXFileReference; lastKnownFileType = sourcecode.swift; path = UserViewModel.swift; sourceTree = "<group>"; };
		2C41A0CC2CD9B837006815BC /* LocationManager.swift */ = {isa = PBXFileReference; lastKnownFileType = sourcecode.swift; path = LocationManager.swift; sourceTree = "<group>"; };
		2C41A0D12CD9ED24006815BC /* HostpitalResponse.swift */ = {isa = PBXFileReference; lastKnownFileType = sourcecode.swift; path = HostpitalResponse.swift; sourceTree = "<group>"; };
		2C41A0D32CDA054A006815BC /* HospitalMapView.swift */ = {isa = PBXFileReference; lastKnownFileType = sourcecode.swift; path = HospitalMapView.swift; sourceTree = "<group>"; };
		2C75269B2CDC8EFA00E10C1B /* RoundedCorner.swift */ = {isa = PBXFileReference; lastKnownFileType = sourcecode.swift; path = RoundedCorner.swift; sourceTree = "<group>"; };
		2C75269D2CDCAA6E00E10C1B /* MapView.swift */ = {isa = PBXFileReference; lastKnownFileType = sourcecode.swift; path = MapView.swift; sourceTree = "<group>"; };
		2C77E0EA2CDA857E005365CC /* NotoSansKR-Bold.ttf */ = {isa = PBXFileReference; lastKnownFileType = file; path = "NotoSansKR-Bold.ttf"; sourceTree = "<group>"; };
		2C77E0EB2CDA857E005365CC /* NotoSansKR-Medium.ttf */ = {isa = PBXFileReference; lastKnownFileType = file; path = "NotoSansKR-Medium.ttf"; sourceTree = "<group>"; };
		2C77E0EC2CDA857E005365CC /* NotoSansKR-Regular.ttf */ = {isa = PBXFileReference; lastKnownFileType = file; path = "NotoSansKR-Regular.ttf"; sourceTree = "<group>"; };
		2C77E0ED2CDA857E005365CC /* NotoSansKR-SemiBold.ttf */ = {isa = PBXFileReference; lastKnownFileType = file; path = "NotoSansKR-SemiBold.ttf"; sourceTree = "<group>"; };
		2C77E0F32CDA8626005365CC /* Assets.xcassets */ = {isa = PBXFileReference; lastKnownFileType = folder.assetcatalog; path = Assets.xcassets; sourceTree = "<group>"; };
		2C77E0F52CDA8AB5005365CC /* Info.plist */ = {isa = PBXFileReference; lastKnownFileType = text.plist.xml; path = Info.plist; sourceTree = "<group>"; };
		2C7F61372CD4914E0070998C /* Health-Assistant.app */ = {isa = PBXFileReference; explicitFileType = wrapper.application; includeInIndex = 0; path = "Health-Assistant.app"; sourceTree = BUILT_PRODUCTS_DIR; };
		2C7F614C2CD491570070998C /* Health_AssistantApp.swift */ = {isa = PBXFileReference; lastKnownFileType = sourcecode.swift; path = Health_AssistantApp.swift; sourceTree = "<group>"; };
		2C8E15F32CD899B2005C9801 /* Health-Assistant.entitlements */ = {isa = PBXFileReference; lastKnownFileType = text.plist.entitlements; path = "Health-Assistant.entitlements"; sourceTree = "<group>"; };
		2C8E15F42CD89D6E005C9801 /* HealthManager.swift */ = {isa = PBXFileReference; lastKnownFileType = sourcecode.swift; path = HealthManager.swift; sourceTree = "<group>"; };
		2CA0321E2CDD8E3B006DF2DD /* Medication.swift */ = {isa = PBXFileReference; lastKnownFileType = sourcecode.swift; path = Medication.swift; sourceTree = "<group>"; };
		2CA032202CDD9269006DF2DD /* TimeView.swift */ = {isa = PBXFileReference; lastKnownFileType = sourcecode.swift; path = TimeView.swift; sourceTree = "<group>"; };
		500EB88B2CD855C800CCD409 /* CalendarEvent.swift */ = {isa = PBXFileReference; lastKnownFileType = sourcecode.swift; path = CalendarEvent.swift; sourceTree = "<group>"; };
		500EB88F2CD8561800CCD409 /* CalenderViewModel.swift */ = {isa = PBXFileReference; lastKnownFileType = sourcecode.swift; path = CalenderViewModel.swift; sourceTree = "<group>"; };
		500EB8912CD8568300CCD409 /* HealthCalendarView.swift */ = {isa = PBXFileReference; lastKnownFileType = sourcecode.swift; path = HealthCalendarView.swift; sourceTree = "<group>"; };
		500EB89D2CD866FE00CCD409 /* AddEventView.swift */ = {isa = PBXFileReference; lastKnownFileType = sourcecode.swift; path = AddEventView.swift; sourceTree = "<group>"; };
		500EB89F2CD867E300CCD409 /* EditEventView.swift */ = {isa = PBXFileReference; lastKnownFileType = sourcecode.swift; path = EditEventView.swift; sourceTree = "<group>"; };
		500EB8A72CD8696B00CCD409 /* DayEventsView.swift */ = {isa = PBXFileReference; lastKnownFileType = sourcecode.swift; path = DayEventsView.swift; sourceTree = "<group>"; };
		500EFB512CD99B9B0036D4DC /* BackButton.swift */ = {isa = PBXFileReference; lastKnownFileType = sourcecode.swift; path = BackButton.swift; sourceTree = "<group>"; };
		500EFB5E2CD99BB30036D4DC /* CustomColors.swift */ = {isa = PBXFileReference; lastKnownFileType = sourcecode.swift; path = CustomColors.swift; sourceTree = "<group>"; };
		500EFB5F2CD99BB30036D4DC /* CustomFonts.swift */ = {isa = PBXFileReference; lastKnownFileType = sourcecode.swift; path = CustomFonts.swift; sourceTree = "<group>"; };
		500EFB632CD9A6FB0036D4DC /* SectionView.swift */ = {isa = PBXFileReference; lastKnownFileType = sourcecode.swift; path = SectionView.swift; sourceTree = "<group>"; };
		500EFB652CD9AA240036D4DC /* EventDetailView.swift */ = {isa = PBXFileReference; lastKnownFileType = sourcecode.swift; path = EventDetailView.swift; sourceTree = "<group>"; };
		504ECF3D2CDC765D00CDB88A /* Config.xcconfig */ = {isa = PBXFileReference; lastKnownFileType = text.xcconfig; path = Config.xcconfig; sourceTree = "<group>"; };
		5077A2BA2CD9F1D3007D8B18 /* MiniWeekView.swift */ = {isa = PBXFileReference; lastKnownFileType = sourcecode.swift; path = MiniWeekView.swift; sourceTree = "<group>"; };
		507906282CD4AA7900AFE182 /* HealthListView.swift */ = {isa = PBXFileReference; lastKnownFileType = sourcecode.swift; path = HealthListView.swift; sourceTree = "<group>"; };
		5079062A2CD4AA9F00AFE182 /* ProfileView.swift */ = {isa = PBXFileReference; lastKnownFileType = sourcecode.swift; path = ProfileView.swift; sourceTree = "<group>"; };
		5079062D2CD4AAB300AFE182 /* HomeView.swift */ = {isa = PBXFileReference; lastKnownFileType = sourcecode.swift; path = HomeView.swift; sourceTree = "<group>"; };
		50F5CE0A2CDA926900B22E2E /* MainTabView.swift */ = {isa = PBXFileReference; lastKnownFileType = sourcecode.swift; path = MainTabView.swift; sourceTree = "<group>"; };
		50FC2E542CDA0484000C1EB8 /* ProfileViewModel.swift */ = {isa = PBXFileReference; lastKnownFileType = sourcecode.swift; path = ProfileViewModel.swift; sourceTree = "<group>"; };
		50FC2E582CDA0506000C1EB8 /* ProfileModel.swift */ = {isa = PBXFileReference; lastKnownFileType = sourcecode.swift; path = ProfileModel.swift; sourceTree = "<group>"; };
		50FC2E5A2CDA06C2000C1EB8 /* ProfileEditView.swift */ = {isa = PBXFileReference; lastKnownFileType = sourcecode.swift; path = ProfileEditView.swift; sourceTree = "<group>"; };
		50FC2E5C2CDA06DF000C1EB8 /* PasswordChangeView.swift */ = {isa = PBXFileReference; lastKnownFileType = sourcecode.swift; path = PasswordChangeView.swift; sourceTree = "<group>"; };
		50FC2E5E2CDA070C000C1EB8 /* NotificationSettingsView.swift */ = {isa = PBXFileReference; lastKnownFileType = sourcecode.swift; path = NotificationSettingsView.swift; sourceTree = "<group>"; };
		50FC2E602CDA0736000C1EB8 /* AccountManagementView.swift */ = {isa = PBXFileReference; lastKnownFileType = sourcecode.swift; path = AccountManagementView.swift; sourceTree = "<group>"; };
		50FC2E622CDA0748000C1EB8 /* AccountDeletionView.swift */ = {isa = PBXFileReference; lastKnownFileType = sourcecode.swift; path = AccountDeletionView.swift; sourceTree = "<group>"; };
		770FA17C2CD9A97800949C07 /* MedicationListView.swift */ = {isa = PBXFileReference; lastKnownFileType = sourcecode.swift; path = MedicationListView.swift; sourceTree = "<group>"; };
		770FA1822CDA094D00949C07 /* MedicationIconView.swift */ = {isa = PBXFileReference; lastKnownFileType = sourcecode.swift; path = MedicationIconView.swift; sourceTree = "<group>"; };
		773997182CD852C5008DE12E /* MedicationMainView.swift */ = {isa = PBXFileReference; lastKnownFileType = sourcecode.swift; path = MedicationMainView.swift; sourceTree = "<group>"; };
		7739971A2CD85306008DE12E /* MedicationDetailView.swift */ = {isa = PBXFileReference; lastKnownFileType = sourcecode.swift; path = MedicationDetailView.swift; sourceTree = "<group>"; };
		7739971C2CD85319008DE12E /* MedicationAddView.swift */ = {isa = PBXFileReference; lastKnownFileType = sourcecode.swift; path = MedicationAddView.swift; sourceTree = "<group>"; };
		7739971E2CD85337008DE12E /* MedicationSearchView.swift */ = {isa = PBXFileReference; lastKnownFileType = sourcecode.swift; path = MedicationSearchView.swift; sourceTree = "<group>"; };
		773997222CD8573D008DE12E /* MedicationViewModel.swift */ = {isa = PBXFileReference; lastKnownFileType = sourcecode.swift; path = MedicationViewModel.swift; sourceTree = "<group>"; };
		77C7F7CB2CD7BC9B00D345E5 /* NotoSansKR-Bold.ttf */ = {isa = PBXFileReference; lastKnownFileType = file; path = "NotoSansKR-Bold.ttf"; sourceTree = "<group>"; };
		77C7F7CC2CD7BC9B00D345E5 /* NotoSansKR-Medium.ttf */ = {isa = PBXFileReference; lastKnownFileType = file; path = "NotoSansKR-Medium.ttf"; sourceTree = "<group>"; };
		77C7F7CD2CD7BC9B00D345E5 /* NotoSansKR-Regular.ttf */ = {isa = PBXFileReference; lastKnownFileType = file; path = "NotoSansKR-Regular.ttf"; sourceTree = "<group>"; };
		77C7F7CE2CD7BC9B00D345E5 /* NotoSansKR-SemiBold.ttf */ = {isa = PBXFileReference; lastKnownFileType = file; path = "NotoSansKR-SemiBold.ttf"; sourceTree = "<group>"; };
		EB1D3F052CDBC4B900FA9732 /* DataManager.swift */ = {isa = PBXFileReference; lastKnownFileType = sourcecode.swift; path = DataManager.swift; sourceTree = "<group>"; };
		EBE1608C2CD78B1E003E7CC2 /* LoginView.swift */ = {isa = PBXFileReference; lastKnownFileType = sourcecode.swift; path = LoginView.swift; sourceTree = "<group>"; };
		EBE160902CD7CC23003E7CC2 /* JoinView.swift */ = {isa = PBXFileReference; lastKnownFileType = sourcecode.swift; path = JoinView.swift; sourceTree = "<group>"; };
		EBE160942CD7CF4E003E7CC2 /* TextFieldView.swift */ = {isa = PBXFileReference; lastKnownFileType = sourcecode.swift; path = TextFieldView.swift; sourceTree = "<group>"; };
		EBE160982CD7D357003E7CC2 /* EmailLoginView.swift */ = {isa = PBXFileReference; lastKnownFileType = sourcecode.swift; path = EmailLoginView.swift; sourceTree = "<group>"; };
		EBE1609A2CD85F59003E7CC2 /* ProfileSetting.swift */ = {isa = PBXFileReference; lastKnownFileType = sourcecode.swift; path = ProfileSetting.swift; sourceTree = "<group>"; };
		EBE160A32CD8AF36003E7CC2 /* ProfileImageView.swift */ = {isa = PBXFileReference; lastKnownFileType = sourcecode.swift; path = ProfileImageView.swift; sourceTree = "<group>"; };
		EBE160A52CD8F218003E7CC2 /* HealthAllowView.swift */ = {isa = PBXFileReference; lastKnownFileType = sourcecode.swift; path = HealthAllowView.swift; sourceTree = "<group>"; };
		EBE160A72CD8FFD4003E7CC2 /* HealthSheetView.swift */ = {isa = PBXFileReference; lastKnownFileType = sourcecode.swift; path = HealthSheetView.swift; sourceTree = "<group>"; };
		EBE160AA2CDA0A1B003E7CC2 /* HealthKitManager.swift */ = {isa = PBXFileReference; lastKnownFileType = sourcecode.swift; path = HealthKitManager.swift; sourceTree = "<group>"; };
		F64B23FD2CD8837A00944503 /* NewReportView.swift */ = {isa = PBXFileReference; lastKnownFileType = sourcecode.swift; path = NewReportView.swift; sourceTree = "<group>"; };
		F64B23FF2CD8839C00944503 /* ReportsDetailView.swift */ = {isa = PBXFileReference; lastKnownFileType = sourcecode.swift; path = ReportsDetailView.swift; sourceTree = "<group>"; };
		F64B24012CD883BC00944503 /* HealthReport.swift */ = {isa = PBXFileReference; lastKnownFileType = sourcecode.swift; path = HealthReport.swift; sourceTree = "<group>"; };
		F6CFC5A62CDB310F003C0087 /* ReportHealthManager.swift */ = {isa = PBXFileReference; lastKnownFileType = sourcecode.swift; path = ReportHealthManager.swift; sourceTree = "<group>"; };
/* End PBXFileReference section */

/* Begin PBXFrameworksBuildPhase section */
		2C7F61342CD4914E0070998C /* Frameworks */ = {
			isa = PBXFrameworksBuildPhase;
			buildActionMask = 2147483647;
			files = (
				2C41A0D02CD9E8C7006815BC /* XMLCoder in Frameworks */,
				2C41A0C72CD9B6FE006815BC /* Alamofire in Frameworks */,
				F605D7CE2CD8AE30008DC5FC /* MarkdownUI in Frameworks */,
			);
			runOnlyForDeploymentPostprocessing = 0;
		};
/* End PBXFrameworksBuildPhase section */

/* Begin PBXGroup section */
		2C77E0EE2CDA857E005365CC /* Fonts */ = {
			isa = PBXGroup;
			children = (
				2C77E0EA2CDA857E005365CC /* NotoSansKR-Bold.ttf */,
				2C77E0EB2CDA857E005365CC /* NotoSansKR-Medium.ttf */,
				2C77E0EC2CDA857E005365CC /* NotoSansKR-Regular.ttf */,
				2C77E0ED2CDA857E005365CC /* NotoSansKR-SemiBold.ttf */,
			);
			path = Fonts;
			sourceTree = "<group>";
		};
		2C7F612E2CD4914E0070998C = {
			isa = PBXGroup;
			children = (
				2C7F614D2CD491570070998C /* Health-Assistant */,
				2C7F61382CD4914E0070998C /* Products */,
			);
			sourceTree = "<group>";
		};
		2C7F61382CD4914E0070998C /* Products */ = {
			isa = PBXGroup;
			children = (
				2C7F61372CD4914E0070998C /* Health-Assistant.app */,
			);
			name = Products;
			sourceTree = "<group>";
		};
		2C7F614D2CD491570070998C /* Health-Assistant */ = {
			isa = PBXGroup;
			children = (
				2C7F614C2CD491570070998C /* Health_AssistantApp.swift */,
				2C8E15F32CD899B2005C9801 /* Health-Assistant.entitlements */,
				2C77E0F52CDA8AB5005365CC /* Info.plist */,
				504ECF3D2CDC765D00CDB88A /* Config.xcconfig */,
				EB1D3F072CDBC4CB00FA9732 /* Managers */,
				507906372CD4AB1B00AFE182 /* Util */,
				507906212CD4A87700AFE182 /* Models */,
				5079064E2CD4AED200AFE182 /* ViewModels */,
				5079061F2CD4A7EC00AFE182 /* Views */,
			);
			path = "Health-Assistant";
			sourceTree = "<group>";
		};
		500EB8882CD854CD00CCD409 /* CalenderViews */ = {
			isa = PBXGroup;
			children = (
				500EB8912CD8568300CCD409 /* HealthCalendarView.swift */,
				500EB8A72CD8696B00CCD409 /* DayEventsView.swift */,
				500EFB652CD9AA240036D4DC /* EventDetailView.swift */,
				500EB89D2CD866FE00CCD409 /* AddEventView.swift */,
				500EB89F2CD867E300CCD409 /* EditEventView.swift */,
				500EFB632CD9A6FB0036D4DC /* SectionView.swift */,
				5077A2BA2CD9F1D3007D8B18 /* MiniWeekView.swift */,
			);
			path = CalenderViews;
			sourceTree = "<group>";
		};
		500EB8892CD8558600CCD409 /* HomeModels */ = {
			isa = PBXGroup;
			children = (
				500EB88A2CD855A200CCD409 /* CalenderModels */,
			);
			path = HomeModels;
			sourceTree = "<group>";
		};
		500EB88A2CD855A200CCD409 /* CalenderModels */ = {
			isa = PBXGroup;
			children = (
				500EB88B2CD855C800CCD409 /* CalendarEvent.swift */,
			);
			path = CalenderModels;
			sourceTree = "<group>";
		};
		500EB88D2CD855E500CCD409 /* HomeViewModels */ = {
			isa = PBXGroup;
			children = (
				2C41A0CA2CD9B763006815BC /* UserViewModel.swift */,
				500EB88E2CD855EB00CCD409 /* CalenderViewModels */,
			);
			path = HomeViewModels;
			sourceTree = "<group>";
		};
		500EB88E2CD855EB00CCD409 /* CalenderViewModels */ = {
			isa = PBXGroup;
			children = (
				500EB88F2CD8561800CCD409 /* CalenderViewModel.swift */,
			);
			path = CalenderViewModels;
			sourceTree = "<group>";
		};
		500EFB522CD99B9B0036D4DC /* Components */ = {
			isa = PBXGroup;
			children = (
				500EFB512CD99B9B0036D4DC /* BackButton.swift */,
			);
			path = Components;
			sourceTree = "<group>";
		};
		500EFB602CD99BB30036D4DC /* Extensions */ = {
			isa = PBXGroup;
			children = (
				500EFB5E2CD99BB30036D4DC /* CustomColors.swift */,
				500EFB5F2CD99BB30036D4DC /* CustomFonts.swift */,
				2C75269B2CDC8EFA00E10C1B /* RoundedCorner.swift */,
			);
			path = Extensions;
			sourceTree = "<group>";
		};
		5079061F2CD4A7EC00AFE182 /* Views */ = {
			isa = PBXGroup;
			children = (
				50F5CE0A2CDA926900B22E2E /* MainTabView.swift */,
				EBE160A22CD88A1A003E7CC2 /* LoginViews */,
				5079062E2CD4AAB300AFE182 /* HomeViews */,
				507906332CD4AAC300AFE182 /* MedicationViews */,
				507906342CD4AAC600AFE182 /* HealthListViews */,
				507906352CD4AAC800AFE182 /* ProFileViews */,
			);
			path = Views;
			sourceTree = "<group>";
		};
		507906212CD4A87700AFE182 /* Models */ = {
			isa = PBXGroup;
			children = (
				2C41A0D12CD9ED24006815BC /* HostpitalResponse.swift */,
				500EB8892CD8558600CCD409 /* HomeModels */,
				50FC2E572CDA04F8000C1EB8 /* ProfileModels */,
				EBE160AA2CDA0A1B003E7CC2 /* HealthKitManager.swift */,
				2CA0321E2CDD8E3B006DF2DD /* Medication.swift */,
			);
			path = Models;
			sourceTree = "<group>";
		};
		5079062E2CD4AAB300AFE182 /* HomeViews */ = {
			isa = PBXGroup;
			children = (
				500EB8882CD854CD00CCD409 /* CalenderViews */,
				5079062D2CD4AAB300AFE182 /* HomeView.swift */,
				2C75269D2CDCAA6E00E10C1B /* MapView.swift */,
				2C41A0D32CDA054A006815BC /* HospitalMapView.swift */,
			);
			path = HomeViews;
			sourceTree = "<group>";
		};
		507906332CD4AAC300AFE182 /* MedicationViews */ = {
			isa = PBXGroup;
			children = (
				2CA032202CDD9269006DF2DD /* TimeView.swift */,
				773997182CD852C5008DE12E /* MedicationMainView.swift */,
				7739971A2CD85306008DE12E /* MedicationDetailView.swift */,
				7739971C2CD85319008DE12E /* MedicationAddView.swift */,
				7739971E2CD85337008DE12E /* MedicationSearchView.swift */,
				770FA17C2CD9A97800949C07 /* MedicationListView.swift */,
				770FA1822CDA094D00949C07 /* MedicationIconView.swift */,
			);
			path = MedicationViews;
			sourceTree = "<group>";
		};
		507906342CD4AAC600AFE182 /* HealthListViews */ = {
			isa = PBXGroup;
			children = (
				F6CFC5A62CDB310F003C0087 /* ReportHealthManager.swift */,
				F64B24012CD883BC00944503 /* HealthReport.swift */,
				F64B23FF2CD8839C00944503 /* ReportsDetailView.swift */,
				F64B23FD2CD8837A00944503 /* NewReportView.swift */,
				507906282CD4AA7900AFE182 /* HealthListView.swift */,
			);
			path = HealthListViews;
			sourceTree = "<group>";
		};
		507906352CD4AAC800AFE182 /* ProFileViews */ = {
			isa = PBXGroup;
			children = (
				5079062A2CD4AA9F00AFE182 /* ProfileView.swift */,
				50FC2E5A2CDA06C2000C1EB8 /* ProfileEditView.swift */,
				50FC2E5C2CDA06DF000C1EB8 /* PasswordChangeView.swift */,
				50FC2E5E2CDA070C000C1EB8 /* NotificationSettingsView.swift */,
				50FC2E602CDA0736000C1EB8 /* AccountManagementView.swift */,
				50FC2E622CDA0748000C1EB8 /* AccountDeletionView.swift */,
			);
			path = ProFileViews;
			sourceTree = "<group>";
		};
		507906372CD4AB1B00AFE182 /* Util */ = {
			isa = PBXGroup;
			children = (
				2C77E0F32CDA8626005365CC /* Assets.xcassets */,
				2C77E0EE2CDA857E005365CC /* Fonts */,
				500EFB522CD99B9B0036D4DC /* Components */,
				500EFB602CD99BB30036D4DC /* Extensions */,
				507906392CD4AB2500AFE182 /* Fonts */,
			);
			path = Util;
			sourceTree = "<group>";
		};
		507906392CD4AB2500AFE182 /* Fonts */ = {
			isa = PBXGroup;
			children = (
				77C7F7CB2CD7BC9B00D345E5 /* NotoSansKR-Bold.ttf */,
				77C7F7CC2CD7BC9B00D345E5 /* NotoSansKR-Medium.ttf */,
				77C7F7CD2CD7BC9B00D345E5 /* NotoSansKR-Regular.ttf */,
				77C7F7CE2CD7BC9B00D345E5 /* NotoSansKR-SemiBold.ttf */,
			);
			path = Fonts;
			sourceTree = "<group>";
		};
		5079064E2CD4AED200AFE182 /* ViewModels */ = {
			isa = PBXGroup;
			children = (
				2C41A0CC2CD9B837006815BC /* LocationManager.swift */,
				500EB88D2CD855E500CCD409 /* HomeViewModels */,
				50FC2E532CDA0469000C1EB8 /* ProfileViewModels */,
				773997222CD8573D008DE12E /* MedicationViewModel.swift */,
				2C8E15F42CD89D6E005C9801 /* HealthManager.swift */,
			);
			path = ViewModels;
			sourceTree = "<group>";
		};
		50FC2E532CDA0469000C1EB8 /* ProfileViewModels */ = {
			isa = PBXGroup;
			children = (
				50FC2E542CDA0484000C1EB8 /* ProfileViewModel.swift */,
			);
			path = ProfileViewModels;
			sourceTree = "<group>";
		};
		50FC2E572CDA04F8000C1EB8 /* ProfileModels */ = {
			isa = PBXGroup;
			children = (
				50FC2E582CDA0506000C1EB8 /* ProfileModel.swift */,
			);
			path = ProfileModels;
			sourceTree = "<group>";
		};
		EB1D3F072CDBC4CB00FA9732 /* Managers */ = {
			isa = PBXGroup;
			children = (
				EB1D3F052CDBC4B900FA9732 /* DataManager.swift */,
			);
			path = Managers;
			sourceTree = "<group>";
		};
		EBE160A22CD88A1A003E7CC2 /* LoginViews */ = {
			isa = PBXGroup;
			children = (
				EBE160942CD7CF4E003E7CC2 /* TextFieldView.swift */,
				EBE1608C2CD78B1E003E7CC2 /* LoginView.swift */,
				EBE160902CD7CC23003E7CC2 /* JoinView.swift */,
				EBE1609A2CD85F59003E7CC2 /* ProfileSetting.swift */,
				EBE160A32CD8AF36003E7CC2 /* ProfileImageView.swift */,
				EBE160982CD7D357003E7CC2 /* EmailLoginView.swift */,
				EBE160A52CD8F218003E7CC2 /* HealthAllowView.swift */,
				EBE160A72CD8FFD4003E7CC2 /* HealthSheetView.swift */,
			);
			path = LoginViews;
			sourceTree = "<group>";
		};
/* End PBXGroup section */

/* Begin PBXNativeTarget section */
		2C7F61362CD4914E0070998C /* Health-Assistant */ = {
			isa = PBXNativeTarget;
			buildConfigurationList = 2C7F61452CD491500070998C /* Build configuration list for PBXNativeTarget "Health-Assistant" */;
			buildPhases = (
				2C7F61332CD4914E0070998C /* Sources */,
				2C7F61342CD4914E0070998C /* Frameworks */,
				2C7F61352CD4914E0070998C /* Resources */,
			);
			buildRules = (
			);
			dependencies = (
			);
			name = "Health-Assistant";
			packageProductDependencies = (
				2C41A0C62CD9B6FE006815BC /* Alamofire */,
				2C41A0CF2CD9E8C7006815BC /* XMLCoder */,
				F605D7CD2CD8AE30008DC5FC /* MarkdownUI */,
			);
			productName = "Health-Assistant";
			productReference = 2C7F61372CD4914E0070998C /* Health-Assistant.app */;
			productType = "com.apple.product-type.application";
		};
/* End PBXNativeTarget section */

/* Begin PBXProject section */
		2C7F612F2CD4914E0070998C /* Project object */ = {
			isa = PBXProject;
			attributes = {
				BuildIndependentTargetsInParallel = 1;
				LastSwiftUpdateCheck = 1610;
				LastUpgradeCheck = 1610;
				TargetAttributes = {
					2C7F61362CD4914E0070998C = {
						CreatedOnToolsVersion = 16.1;
					};
				};
			};
			buildConfigurationList = 2C7F61322CD4914E0070998C /* Build configuration list for PBXProject "Health-Assistant" */;
			developmentRegion = en;
			hasScannedForEncodings = 0;
			knownRegions = (
				en,
				Base,
			);
			mainGroup = 2C7F612E2CD4914E0070998C;
			minimizedProjectReferenceProxies = 1;
			packageReferences = (
				2C41A0C52CD9B6FE006815BC /* XCRemoteSwiftPackageReference "Alamofire" */,
				2C41A0CE2CD9E8C7006815BC /* XCRemoteSwiftPackageReference "XMLCoder" */,
				F605D7CC2CD8AE30008DC5FC /* XCRemoteSwiftPackageReference "swift-markdown-ui" */,
			);
			preferredProjectObjectVersion = 77;
			productRefGroup = 2C7F61382CD4914E0070998C /* Products */;
			projectDirPath = "";
			projectRoot = "";
			targets = (
				2C7F61362CD4914E0070998C /* Health-Assistant */,
			);
		};
/* End PBXProject section */

/* Begin PBXResourcesBuildPhase section */
		2C7F61352CD4914E0070998C /* Resources */ = {
			isa = PBXResourcesBuildPhase;
			buildActionMask = 2147483647;
			files = (
				2C77E0EF2CDA857E005365CC /* NotoSansKR-Regular.ttf in Resources */,
				2C77E0F02CDA857E005365CC /* NotoSansKR-SemiBold.ttf in Resources */,
				2C77E0F12CDA857E005365CC /* NotoSansKR-Bold.ttf in Resources */,
				2C77E0F22CDA857E005365CC /* NotoSansKR-Medium.ttf in Resources */,
				77C7F7CF2CD7BC9B00D345E5 /* NotoSansKR-Bold.ttf in Resources */,
				77C7F7D02CD7BC9B00D345E5 /* NotoSansKR-Medium.ttf in Resources */,
				77C7F7D12CD7BC9B00D345E5 /* NotoSansKR-Regular.ttf in Resources */,
				2C77E0F42CDA8626005365CC /* Assets.xcassets in Resources */,
				77C7F7D22CD7BC9B00D345E5 /* NotoSansKR-SemiBold.ttf in Resources */,
			);
			runOnlyForDeploymentPostprocessing = 0;
		};
/* End PBXResourcesBuildPhase section */

/* Begin PBXSourcesBuildPhase section */
		2C7F61332CD4914E0070998C /* Sources */ = {
			isa = PBXSourcesBuildPhase;
			buildActionMask = 2147483647;
			files = (
				5079062B2CD4AA9F00AFE182 /* ProfileView.swift in Sources */,
				2C41A0D42CDA054A006815BC /* HospitalMapView.swift in Sources */,
				2C41A0CB2CD9B763006815BC /* UserViewModel.swift in Sources */,
				50FC2E592CDA0506000C1EB8 /* ProfileModel.swift in Sources */,
				F6CFC5A72CDB3110003C0087 /* ReportHealthManager.swift in Sources */,
				EBE160A62CD8F218003E7CC2 /* HealthAllowView.swift in Sources */,
				50F5CE0B2CDA926900B22E2E /* MainTabView.swift in Sources */,
				7739971B2CD85306008DE12E /* MedicationDetailView.swift in Sources */,
				500EB88C2CD855C800CCD409 /* CalendarEvent.swift in Sources */,
				50FC2E5B2CDA06C2000C1EB8 /* ProfileEditView.swift in Sources */,
				500EB89E2CD866FE00CCD409 /* AddEventView.swift in Sources */,
				500EB8A82CD8696B00CCD409 /* DayEventsView.swift in Sources */,
				7739971B2CD85306008DE12E /* MedicationDetailView.swift in Sources */,
				5079062B2CD4AA9F00AFE182 /* ProfileView.swift in Sources */,
				F64B24002CD883A500944503 /* ReportsDetailView.swift in Sources */,
				773997232CD8573D008DE12E /* MedicationViewModel.swift in Sources */,
				770FA1832CDA094D00949C07 /* MedicationIconView.swift in Sources */,
				500EFB612CD99BB30036D4DC /* CustomColors.swift in Sources */,
				500EFB622CD99BB30036D4DC /* CustomFonts.swift in Sources */,
				773997192CD852C5008DE12E /* MedicationMainView.swift in Sources */,
				2C75269C2CDC8EFA00E10C1B /* RoundedCorner.swift in Sources */,
				2CA032212CDD9269006DF2DD /* TimeView.swift in Sources */,
				5079062F2CD4AAB300AFE182 /* HomeView.swift in Sources */,
				500EFB662CD9AA240036D4DC /* EventDetailView.swift in Sources */,
				507906292CD4AA7900AFE182 /* HealthListView.swift in Sources */,
				2C41A0CD2CD9B837006815BC /* LocationManager.swift in Sources */,
				2C41A0D22CD9ED24006815BC /* HostpitalResponse.swift in Sources */,
				500EB8A02CD867E300CCD409 /* EditEventView.swift in Sources */,
				500EB8922CD8568300CCD409 /* HealthCalendarView.swift in Sources */,
				50FC2E632CDA0748000C1EB8 /* AccountDeletionView.swift in Sources */,
				50FC2E5D2CDA06DF000C1EB8 /* PasswordChangeView.swift in Sources */,
				7739971D2CD85319008DE12E /* MedicationAddView.swift in Sources */,
				507906292CD4AA7900AFE182 /* HealthListView.swift in Sources */,
				50FC2E552CDA0484000C1EB8 /* ProfileViewModel.swift in Sources */,
				50FC2E5F2CDA070C000C1EB8 /* NotificationSettingsView.swift in Sources */,
				500EFB642CD9A6FB0036D4DC /* SectionView.swift in Sources */,
				2C7F614F2CD491570070998C /* Health_AssistantApp.swift in Sources */,
				7739971F2CD85337008DE12E /* MedicationSearchView.swift in Sources */,
				500EB8902CD8561800CCD409 /* CalenderViewModel.swift in Sources */,
				2CA0321F2CDD8E3B006DF2DD /* Medication.swift in Sources */,
				EBE160992CD7D357003E7CC2 /* EmailLoginView.swift in Sources */,
				2C75269E2CDCAA6E00E10C1B /* MapView.swift in Sources */,
				EBE160952CD7CF4E003E7CC2 /* TextFieldView.swift in Sources */,
				EBE1608D2CD78B1E003E7CC2 /* LoginView.swift in Sources */,
				EBE160AB2CDA0A1B003E7CC2 /* HealthKitManager.swift in Sources */,
				770FA17D2CD9A97800949C07 /* MedicationListView.swift in Sources */,
				EBE1609B2CD85F59003E7CC2 /* ProfileSetting.swift in Sources */,
				507906292CD4AA7900AFE182 /* HealthListView.swift in Sources */,
				5077A2BB2CD9F1D3007D8B18 /* MiniWeekView.swift in Sources */,
				EBE160A82CD8FFD4003E7CC2 /* HealthSheetView.swift in Sources */,
				50FC2E612CDA0736000C1EB8 /* AccountManagementView.swift in Sources */,
				F64B24022CD883C100944503 /* HealthReport.swift in Sources */,
				F64B23FE2CD8838600944503 /* NewReportView.swift in Sources */,
				500EFB532CD99B9B0036D4DC /* BackButton.swift in Sources */,
				EB1D3F062CDBC4B900FA9732 /* DataManager.swift in Sources */,
				2C7F614F2CD491570070998C /* Health_AssistantApp.swift in Sources */,
				EBE160A42CD8AF36003E7CC2 /* ProfileImageView.swift in Sources */,
				EBE160912CD7CC23003E7CC2 /* JoinView.swift in Sources */,
				2C8E15F52CD89D6E005C9801 /* HealthManager.swift in Sources */,
			);
			runOnlyForDeploymentPostprocessing = 0;
		};
/* End PBXSourcesBuildPhase section */

/* Begin XCBuildConfiguration section */
		2C7F61432CD491500070998C /* Debug */ = {
			isa = XCBuildConfiguration;
			buildSettings = {
				ALWAYS_SEARCH_USER_PATHS = NO;
				ASSETCATALOG_COMPILER_GENERATE_SWIFT_ASSET_SYMBOL_EXTENSIONS = YES;
				CLANG_ANALYZER_NONNULL = YES;
				CLANG_ANALYZER_NUMBER_OBJECT_CONVERSION = YES_AGGRESSIVE;
				CLANG_CXX_LANGUAGE_STANDARD = "gnu++20";
				CLANG_ENABLE_MODULES = YES;
				CLANG_ENABLE_OBJC_ARC = YES;
				CLANG_ENABLE_OBJC_WEAK = YES;
				CLANG_WARN_BLOCK_CAPTURE_AUTORELEASING = YES;
				CLANG_WARN_BOOL_CONVERSION = YES;
				CLANG_WARN_COMMA = YES;
				CLANG_WARN_CONSTANT_CONVERSION = YES;
				CLANG_WARN_DEPRECATED_OBJC_IMPLEMENTATIONS = YES;
				CLANG_WARN_DIRECT_OBJC_ISA_USAGE = YES_ERROR;
				CLANG_WARN_DOCUMENTATION_COMMENTS = YES;
				CLANG_WARN_EMPTY_BODY = YES;
				CLANG_WARN_ENUM_CONVERSION = YES;
				CLANG_WARN_INFINITE_RECURSION = YES;
				CLANG_WARN_INT_CONVERSION = YES;
				CLANG_WARN_NON_LITERAL_NULL_CONVERSION = YES;
				CLANG_WARN_OBJC_IMPLICIT_RETAIN_SELF = YES;
				CLANG_WARN_OBJC_LITERAL_CONVERSION = YES;
				CLANG_WARN_OBJC_ROOT_CLASS = YES_ERROR;
				CLANG_WARN_QUOTED_INCLUDE_IN_FRAMEWORK_HEADER = YES;
				CLANG_WARN_RANGE_LOOP_ANALYSIS = YES;
				CLANG_WARN_STRICT_PROTOTYPES = YES;
				CLANG_WARN_SUSPICIOUS_MOVE = YES;
				CLANG_WARN_UNGUARDED_AVAILABILITY = YES_AGGRESSIVE;
				CLANG_WARN_UNREACHABLE_CODE = YES;
				CLANG_WARN__DUPLICATE_METHOD_MATCH = YES;
				COPY_PHASE_STRIP = NO;
				DEBUG_INFORMATION_FORMAT = dwarf;
				ENABLE_STRICT_OBJC_MSGSEND = YES;
				ENABLE_TESTABILITY = YES;
				ENABLE_USER_SCRIPT_SANDBOXING = YES;
				GCC_C_LANGUAGE_STANDARD = gnu17;
				GCC_DYNAMIC_NO_PIC = NO;
				GCC_NO_COMMON_BLOCKS = YES;
				GCC_OPTIMIZATION_LEVEL = 0;
				GCC_PREPROCESSOR_DEFINITIONS = (
					"DEBUG=1",
					"$(inherited)",
				);
				GCC_WARN_64_TO_32_BIT_CONVERSION = YES;
				GCC_WARN_ABOUT_RETURN_TYPE = YES_ERROR;
				GCC_WARN_UNDECLARED_SELECTOR = YES;
				GCC_WARN_UNINITIALIZED_AUTOS = YES_AGGRESSIVE;
				GCC_WARN_UNUSED_FUNCTION = YES;
				GCC_WARN_UNUSED_VARIABLE = YES;
				IPHONEOS_DEPLOYMENT_TARGET = 18.1;
				LOCALIZATION_PREFERS_STRING_CATALOGS = YES;
				MTL_ENABLE_DEBUG_INFO = INCLUDE_SOURCE;
				MTL_FAST_MATH = YES;
				ONLY_ACTIVE_ARCH = YES;
				SDKROOT = iphoneos;
				SWIFT_ACTIVE_COMPILATION_CONDITIONS = "DEBUG $(inherited)";
				SWIFT_OPTIMIZATION_LEVEL = "-Onone";
			};
			name = Debug;
		};
		2C7F61442CD491500070998C /* Release */ = {
			isa = XCBuildConfiguration;
			buildSettings = {
				ALWAYS_SEARCH_USER_PATHS = NO;
				ASSETCATALOG_COMPILER_GENERATE_SWIFT_ASSET_SYMBOL_EXTENSIONS = YES;
				CLANG_ANALYZER_NONNULL = YES;
				CLANG_ANALYZER_NUMBER_OBJECT_CONVERSION = YES_AGGRESSIVE;
				CLANG_CXX_LANGUAGE_STANDARD = "gnu++20";
				CLANG_ENABLE_MODULES = YES;
				CLANG_ENABLE_OBJC_ARC = YES;
				CLANG_ENABLE_OBJC_WEAK = YES;
				CLANG_WARN_BLOCK_CAPTURE_AUTORELEASING = YES;
				CLANG_WARN_BOOL_CONVERSION = YES;
				CLANG_WARN_COMMA = YES;
				CLANG_WARN_CONSTANT_CONVERSION = YES;
				CLANG_WARN_DEPRECATED_OBJC_IMPLEMENTATIONS = YES;
				CLANG_WARN_DIRECT_OBJC_ISA_USAGE = YES_ERROR;
				CLANG_WARN_DOCUMENTATION_COMMENTS = YES;
				CLANG_WARN_EMPTY_BODY = YES;
				CLANG_WARN_ENUM_CONVERSION = YES;
				CLANG_WARN_INFINITE_RECURSION = YES;
				CLANG_WARN_INT_CONVERSION = YES;
				CLANG_WARN_NON_LITERAL_NULL_CONVERSION = YES;
				CLANG_WARN_OBJC_IMPLICIT_RETAIN_SELF = YES;
				CLANG_WARN_OBJC_LITERAL_CONVERSION = YES;
				CLANG_WARN_OBJC_ROOT_CLASS = YES_ERROR;
				CLANG_WARN_QUOTED_INCLUDE_IN_FRAMEWORK_HEADER = YES;
				CLANG_WARN_RANGE_LOOP_ANALYSIS = YES;
				CLANG_WARN_STRICT_PROTOTYPES = YES;
				CLANG_WARN_SUSPICIOUS_MOVE = YES;
				CLANG_WARN_UNGUARDED_AVAILABILITY = YES_AGGRESSIVE;
				CLANG_WARN_UNREACHABLE_CODE = YES;
				CLANG_WARN__DUPLICATE_METHOD_MATCH = YES;
				COPY_PHASE_STRIP = NO;
				DEBUG_INFORMATION_FORMAT = "dwarf-with-dsym";
				ENABLE_NS_ASSERTIONS = NO;
				ENABLE_STRICT_OBJC_MSGSEND = YES;
				ENABLE_USER_SCRIPT_SANDBOXING = YES;
				GCC_C_LANGUAGE_STANDARD = gnu17;
				GCC_NO_COMMON_BLOCKS = YES;
				GCC_WARN_64_TO_32_BIT_CONVERSION = YES;
				GCC_WARN_ABOUT_RETURN_TYPE = YES_ERROR;
				GCC_WARN_UNDECLARED_SELECTOR = YES;
				GCC_WARN_UNINITIALIZED_AUTOS = YES_AGGRESSIVE;
				GCC_WARN_UNUSED_FUNCTION = YES;
				GCC_WARN_UNUSED_VARIABLE = YES;
				IPHONEOS_DEPLOYMENT_TARGET = 18.1;
				LOCALIZATION_PREFERS_STRING_CATALOGS = YES;
				MTL_ENABLE_DEBUG_INFO = NO;
				MTL_FAST_MATH = YES;
				SDKROOT = iphoneos;
				SWIFT_COMPILATION_MODE = wholemodule;
				VALIDATE_PRODUCT = YES;
			};
			name = Release;
		};
		2C7F61462CD491500070998C /* Debug */ = {
			isa = XCBuildConfiguration;
			buildSettings = {
				ASSETCATALOG_COMPILER_APPICON_NAME = AppIcon;
				ASSETCATALOG_COMPILER_GLOBAL_ACCENT_COLOR_NAME = AccentColor;
				CODE_SIGN_ENTITLEMENTS = "Health-Assistant/Health-Assistant.entitlements";
				CODE_SIGN_STYLE = Automatic;
				CURRENT_PROJECT_VERSION = 1;
				DEVELOPMENT_ASSET_PATHS = "";
				DEVELOPMENT_TEAM = 6R3M7VGRP2;
				ENABLE_PREVIEWS = YES;
				GENERATE_INFOPLIST_FILE = YES;
				INFOPLIST_FILE = "Health-Assistant/Info.plist";
				INFOPLIST_KEY_CFBundleDisplayName = haha;
				INFOPLIST_KEY_LSApplicationCategoryType = "public.app-category.healthcare-fitness";
				INFOPLIST_KEY_NSHealthShareUsageDescription = "이 앱은 수면 분석 및 심박수를 기반으로 개인화된 건강 피드백을 제공합니다.";
				INFOPLIST_KEY_NSHealthUpdateUsageDescription = "사용자 건강 데이터 업데이트 허용";
				INFOPLIST_KEY_NSLocationAlwaysAndWhenInUseUsageDescription = "사용자의 위치를 항상 또는 앱을 사용할 때만 얻어 오기위한 권한요청";
				INFOPLIST_KEY_NSLocationWhenInUseUsageDescription = "사용자의 위치를 얻어 오기위한 권한요청";
				INFOPLIST_KEY_UIApplicationSceneManifest_Generation = YES;
				INFOPLIST_KEY_UIApplicationSupportsIndirectInputEvents = YES;
				INFOPLIST_KEY_UILaunchScreen_Generation = YES;
				INFOPLIST_KEY_UISupportedInterfaceOrientations_iPad = "UIInterfaceOrientationPortrait UIInterfaceOrientationPortraitUpsideDown UIInterfaceOrientationLandscapeLeft UIInterfaceOrientationLandscapeRight";
				INFOPLIST_KEY_UISupportedInterfaceOrientations_iPhone = "UIInterfaceOrientationPortrait UIInterfaceOrientationLandscapeLeft UIInterfaceOrientationLandscapeRight";
				INFOPLIST_KEY_UIUserInterfaceStyle = Light;
				IPHONEOS_DEPLOYMENT_TARGET = 17.0;
				LD_RUNPATH_SEARCH_PATHS = (
					"$(inherited)",
					"@executable_path/Frameworks",
				);
				MARKETING_VERSION = 1.0;
				PRODUCT_BUNDLE_IDENTIFIER = com.sueunal.com.HealthAssistant;
				PRODUCT_NAME = "$(TARGET_NAME)";
				SUPPORTED_PLATFORMS = "iphoneos iphonesimulator";
				SUPPORTS_MACCATALYST = NO;
				SUPPORTS_MAC_DESIGNED_FOR_IPHONE_IPAD = NO;
				SUPPORTS_XR_DESIGNED_FOR_IPHONE_IPAD = NO;
				SWIFT_EMIT_LOC_STRINGS = YES;
				SWIFT_VERSION = 5.0;
				TARGETED_DEVICE_FAMILY = 1;
			};
			name = Debug;
		};
		2C7F61472CD491500070998C /* Release */ = {
			isa = XCBuildConfiguration;
			buildSettings = {
				ASSETCATALOG_COMPILER_APPICON_NAME = AppIcon;
				ASSETCATALOG_COMPILER_GLOBAL_ACCENT_COLOR_NAME = AccentColor;
				CODE_SIGN_ENTITLEMENTS = "Health-Assistant/Health-Assistant.entitlements";
				CODE_SIGN_STYLE = Automatic;
				CURRENT_PROJECT_VERSION = 1;
				DEVELOPMENT_ASSET_PATHS = "";
				DEVELOPMENT_TEAM = 6R3M7VGRP2;
				ENABLE_PREVIEWS = YES;
				GENERATE_INFOPLIST_FILE = YES;
				INFOPLIST_FILE = "Health-Assistant/Info.plist";
				INFOPLIST_KEY_CFBundleDisplayName = haha;
				INFOPLIST_KEY_LSApplicationCategoryType = "public.app-category.healthcare-fitness";
				INFOPLIST_KEY_NSHealthShareUsageDescription = "이 앱은 수면 분석 및 심박수를 기반으로 개인화된 건강 피드백을 제공합니다.";
				INFOPLIST_KEY_NSHealthUpdateUsageDescription = "사용자 건강 데이터 업데이트 허용";
				INFOPLIST_KEY_NSLocationAlwaysAndWhenInUseUsageDescription = "사용자의 위치를 항상 또는 앱을 사용할 때만 얻어 오기위한 권한요청";
				INFOPLIST_KEY_NSLocationWhenInUseUsageDescription = "사용자의 위치를 얻어 오기위한 권한요청";
				INFOPLIST_KEY_UIApplicationSceneManifest_Generation = YES;
				INFOPLIST_KEY_UIApplicationSupportsIndirectInputEvents = YES;
				INFOPLIST_KEY_UILaunchScreen_Generation = YES;
				INFOPLIST_KEY_UISupportedInterfaceOrientations_iPad = "UIInterfaceOrientationPortrait UIInterfaceOrientationPortraitUpsideDown UIInterfaceOrientationLandscapeLeft UIInterfaceOrientationLandscapeRight";
				INFOPLIST_KEY_UISupportedInterfaceOrientations_iPhone = "UIInterfaceOrientationPortrait UIInterfaceOrientationLandscapeLeft UIInterfaceOrientationLandscapeRight";
				INFOPLIST_KEY_UIUserInterfaceStyle = Light;
				IPHONEOS_DEPLOYMENT_TARGET = 17.0;
				LD_RUNPATH_SEARCH_PATHS = (
					"$(inherited)",
					"@executable_path/Frameworks",
				);
				MARKETING_VERSION = 1.0;
				PRODUCT_BUNDLE_IDENTIFIER = com.sueunal.com.HealthAssistant;
				PRODUCT_NAME = "$(TARGET_NAME)";
				SUPPORTED_PLATFORMS = "iphoneos iphonesimulator";
				SUPPORTS_MACCATALYST = NO;
				SUPPORTS_MAC_DESIGNED_FOR_IPHONE_IPAD = NO;
				SUPPORTS_XR_DESIGNED_FOR_IPHONE_IPAD = NO;
				SWIFT_EMIT_LOC_STRINGS = YES;
				SWIFT_VERSION = 5.0;
				TARGETED_DEVICE_FAMILY = 1;
			};
			name = Release;
		};
/* End XCBuildConfiguration section */

/* Begin XCConfigurationList section */
		2C7F61322CD4914E0070998C /* Build configuration list for PBXProject "Health-Assistant" */ = {
			isa = XCConfigurationList;
			buildConfigurations = (
				2C7F61432CD491500070998C /* Debug */,
				2C7F61442CD491500070998C /* Release */,
			);
			defaultConfigurationIsVisible = 0;
			defaultConfigurationName = Release;
		};
		2C7F61452CD491500070998C /* Build configuration list for PBXNativeTarget "Health-Assistant" */ = {
			isa = XCConfigurationList;
			buildConfigurations = (
				2C7F61462CD491500070998C /* Debug */,
				2C7F61472CD491500070998C /* Release */,
			);
			defaultConfigurationIsVisible = 0;
			defaultConfigurationName = Release;
		};
/* End XCConfigurationList section */

/* Begin XCRemoteSwiftPackageReference section */
		2C41A0C52CD9B6FE006815BC /* XCRemoteSwiftPackageReference "Alamofire" */ = {
			isa = XCRemoteSwiftPackageReference;
			repositoryURL = "https://github.com/Alamofire/Alamofire.git";
			requirement = {
				kind = upToNextMajorVersion;
				minimumVersion = 5.10.1;
			};
		};
		2C41A0CE2CD9E8C7006815BC /* XCRemoteSwiftPackageReference "XMLCoder" */ = {
			isa = XCRemoteSwiftPackageReference;
			repositoryURL = "https://github.com/CoreOffice/XMLCoder.git";
			requirement = {
				kind = upToNextMajorVersion;
				minimumVersion = 0.17.1;
			};
		};
		F605D7CC2CD8AE30008DC5FC /* XCRemoteSwiftPackageReference "swift-markdown-ui" */ = {
			isa = XCRemoteSwiftPackageReference;
			repositoryURL = "https://github.com/gonzalezreal/swift-markdown-ui";
			requirement = {
				kind = upToNextMajorVersion;
				minimumVersion = 2.4.1;
			};
		};
/* End XCRemoteSwiftPackageReference section */

/* Begin XCSwiftPackageProductDependency section */
		2C41A0C62CD9B6FE006815BC /* Alamofire */ = {
			isa = XCSwiftPackageProductDependency;
			package = 2C41A0C52CD9B6FE006815BC /* XCRemoteSwiftPackageReference "Alamofire" */;
			productName = Alamofire;
		};
		2C41A0CF2CD9E8C7006815BC /* XMLCoder */ = {
			isa = XCSwiftPackageProductDependency;
			package = 2C41A0CE2CD9E8C7006815BC /* XCRemoteSwiftPackageReference "XMLCoder" */;
			productName = XMLCoder;
		};
		F605D7CD2CD8AE30008DC5FC /* MarkdownUI */ = {
			isa = XCSwiftPackageProductDependency;
			package = F605D7CC2CD8AE30008DC5FC /* XCRemoteSwiftPackageReference "swift-markdown-ui" */;
			productName = MarkdownUI;
		};
/* End XCSwiftPackageProductDependency section */
	};
	rootObject = 2C7F612F2CD4914E0070998C /* Project object */;
}
