// !$*UTF8*$!
{
	archiveVersion = 1;
	classes = {
	};
	objectVersion = 77;
	objects = {

/* Begin PBXBuildFile section */
		2C7F614E2CD491570070998C /* MainTabView.swift in Sources */ = {isa = PBXBuildFile; fileRef = 2C7F614B2CD491570070998C /* MainTabView.swift */; };
		2C7F614F2CD491570070998C /* Health_AssistantApp.swift in Sources */ = {isa = PBXBuildFile; fileRef = 2C7F614C2CD491570070998C /* Health_AssistantApp.swift */; };
		2C7F61512CD491570070998C /* Assets.xcassets in Resources */ = {isa = PBXBuildFile; fileRef = 2C7F614A2CD491570070998C /* Assets.xcassets */; };
		507906252CD4AA5000AFE182 /* Model.swift in Sources */ = {isa = PBXBuildFile; fileRef = 507906242CD4AA5000AFE182 /* Model.swift */; };
		507906272CD4AA5E00AFE182 /* MedisonView.swift in Sources */ = {isa = PBXBuildFile; fileRef = 507906262CD4AA5E00AFE182 /* MedisonView.swift */; };
		507906292CD4AA7900AFE182 /* HealthListView.swift in Sources */ = {isa = PBXBuildFile; fileRef = 507906282CD4AA7900AFE182 /* HealthListView.swift */; };
		5079062B2CD4AA9F00AFE182 /* ProFileView.swift in Sources */ = {isa = PBXBuildFile; fileRef = 5079062A2CD4AA9F00AFE182 /* ProFileView.swift */; };
		5079062F2CD4AAB300AFE182 /* HomeView.swift in Sources */ = {isa = PBXBuildFile; fileRef = 5079062D2CD4AAB300AFE182 /* HomeView.swift */; };
		507906432CD4AB9900AFE182 /* Pretendard-ExtraLight.ttf in Resources */ = {isa = PBXBuildFile; fileRef = 5079063D2CD4AB9900AFE182 /* Pretendard-ExtraLight.ttf */; };
		507906442CD4AB9900AFE182 /* Pretendard-Light.ttf in Resources */ = {isa = PBXBuildFile; fileRef = 5079063E2CD4AB9900AFE182 /* Pretendard-Light.ttf */; };
		507906452CD4AB9900AFE182 /* Pretendard-Black.ttf in Resources */ = {isa = PBXBuildFile; fileRef = 5079063A2CD4AB9900AFE182 /* Pretendard-Black.ttf */; };
		507906462CD4AB9900AFE182 /* Pretendard-Thin.ttf in Resources */ = {isa = PBXBuildFile; fileRef = 507906422CD4AB9900AFE182 /* Pretendard-Thin.ttf */; };
		507906472CD4AB9900AFE182 /* Pretendard-Bold.ttf in Resources */ = {isa = PBXBuildFile; fileRef = 5079063B2CD4AB9900AFE182 /* Pretendard-Bold.ttf */; };
		507906482CD4AB9900AFE182 /* Pretendard-Medium.ttf in Resources */ = {isa = PBXBuildFile; fileRef = 5079063F2CD4AB9900AFE182 /* Pretendard-Medium.ttf */; };
		507906492CD4AB9900AFE182 /* Pretendard-SemiBold.ttf in Resources */ = {isa = PBXBuildFile; fileRef = 507906412CD4AB9900AFE182 /* Pretendard-SemiBold.ttf */; };
		5079064A2CD4AB9900AFE182 /* Pretendard-Regular.ttf in Resources */ = {isa = PBXBuildFile; fileRef = 507906402CD4AB9900AFE182 /* Pretendard-Regular.ttf */; };
		5079064B2CD4AB9900AFE182 /* Pretendard-ExtraBold.ttf in Resources */ = {isa = PBXBuildFile; fileRef = 5079063C2CD4AB9900AFE182 /* Pretendard-ExtraBold.ttf */; };
		507906502CD4AEDA00AFE182 /* SwiftUIView.swift in Sources */ = {isa = PBXBuildFile; fileRef = 5079064F2CD4AEDA00AFE182 /* SwiftUIView.swift */; };
/* End PBXBuildFile section */

/* Begin PBXFileReference section */
		2C7F61372CD4914E0070998C /* Health-Assistant.app */ = {isa = PBXFileReference; explicitFileType = wrapper.application; includeInIndex = 0; path = "Health-Assistant.app"; sourceTree = BUILT_PRODUCTS_DIR; };
		2C7F614A2CD491570070998C /* Assets.xcassets */ = {isa = PBXFileReference; lastKnownFileType = folder.assetcatalog; path = Assets.xcassets; sourceTree = "<group>"; };
		2C7F614B2CD491570070998C /* MainTabView.swift */ = {isa = PBXFileReference; lastKnownFileType = sourcecode.swift; path = MainTabView.swift; sourceTree = "<group>"; };
		2C7F614C2CD491570070998C /* Health_AssistantApp.swift */ = {isa = PBXFileReference; lastKnownFileType = sourcecode.swift; path = Health_AssistantApp.swift; sourceTree = "<group>"; };
		507906242CD4AA5000AFE182 /* Model.swift */ = {isa = PBXFileReference; lastKnownFileType = sourcecode.swift; path = Model.swift; sourceTree = "<group>"; };
		507906262CD4AA5E00AFE182 /* MedisonView.swift */ = {isa = PBXFileReference; lastKnownFileType = sourcecode.swift; path = MedisonView.swift; sourceTree = "<group>"; };
		507906282CD4AA7900AFE182 /* HealthListView.swift */ = {isa = PBXFileReference; lastKnownFileType = sourcecode.swift; path = HealthListView.swift; sourceTree = "<group>"; };
		5079062A2CD4AA9F00AFE182 /* ProFileView.swift */ = {isa = PBXFileReference; lastKnownFileType = sourcecode.swift; path = ProFileView.swift; sourceTree = "<group>"; };
		5079062D2CD4AAB300AFE182 /* HomeView.swift */ = {isa = PBXFileReference; lastKnownFileType = sourcecode.swift; path = HomeView.swift; sourceTree = "<group>"; };
		5079063A2CD4AB9900AFE182 /* Pretendard-Black.ttf */ = {isa = PBXFileReference; lastKnownFileType = file; path = "Pretendard-Black.ttf"; sourceTree = "<group>"; };
		5079063B2CD4AB9900AFE182 /* Pretendard-Bold.ttf */ = {isa = PBXFileReference; lastKnownFileType = file; path = "Pretendard-Bold.ttf"; sourceTree = "<group>"; };
		5079063C2CD4AB9900AFE182 /* Pretendard-ExtraBold.ttf */ = {isa = PBXFileReference; lastKnownFileType = file; path = "Pretendard-ExtraBold.ttf"; sourceTree = "<group>"; };
		5079063D2CD4AB9900AFE182 /* Pretendard-ExtraLight.ttf */ = {isa = PBXFileReference; lastKnownFileType = file; path = "Pretendard-ExtraLight.ttf"; sourceTree = "<group>"; };
		5079063E2CD4AB9900AFE182 /* Pretendard-Light.ttf */ = {isa = PBXFileReference; lastKnownFileType = file; path = "Pretendard-Light.ttf"; sourceTree = "<group>"; };
		5079063F2CD4AB9900AFE182 /* Pretendard-Medium.ttf */ = {isa = PBXFileReference; lastKnownFileType = file; path = "Pretendard-Medium.ttf"; sourceTree = "<group>"; };
		507906402CD4AB9900AFE182 /* Pretendard-Regular.ttf */ = {isa = PBXFileReference; lastKnownFileType = file; path = "Pretendard-Regular.ttf"; sourceTree = "<group>"; };
		507906412CD4AB9900AFE182 /* Pretendard-SemiBold.ttf */ = {isa = PBXFileReference; lastKnownFileType = file; path = "Pretendard-SemiBold.ttf"; sourceTree = "<group>"; };
		507906422CD4AB9900AFE182 /* Pretendard-Thin.ttf */ = {isa = PBXFileReference; lastKnownFileType = file; path = "Pretendard-Thin.ttf"; sourceTree = "<group>"; };
		5079064C2CD4ABBC00AFE182 /* Info.plist */ = {isa = PBXFileReference; lastKnownFileType = text.plist; path = Info.plist; sourceTree = "<group>"; };
		5079064F2CD4AEDA00AFE182 /* SwiftUIView.swift */ = {isa = PBXFileReference; lastKnownFileType = sourcecode.swift; path = SwiftUIView.swift; sourceTree = "<group>"; };
/* End PBXFileReference section */

/* Begin PBXFrameworksBuildPhase section */
		2C7F61342CD4914E0070998C /* Frameworks */ = {
			isa = PBXFrameworksBuildPhase;
			buildActionMask = 2147483647;
			files = (
			);
			runOnlyForDeploymentPostprocessing = 0;
		};
/* End PBXFrameworksBuildPhase section */

/* Begin PBXGroup section */
		2C7F612E2CD4914E0070998C = {
			isa = PBXGroup;
			children = (
				2C7F614D2CD491570070998C /* Health-Assistant */,
				2C7F61382CD4914E0070998C /* Products */,
			);
			sourceTree = "<group>";
		};
		2C7F61382CD4914E0070998C /* Products */ = {
			isa = PBXGroup;
			children = (
				2C7F61372CD4914E0070998C /* Health-Assistant.app */,
			);
			name = Products;
			sourceTree = "<group>";
		};
		2C7F614D2CD491570070998C /* Health-Assistant */ = {
			isa = PBXGroup;
			children = (
				5079064C2CD4ABBC00AFE182 /* Info.plist */,
				507906372CD4AB1B00AFE182 /* Util */,
				507906212CD4A87700AFE182 /* Models */,
				5079064E2CD4AED200AFE182 /* ViewModels */,
				5079061F2CD4A7EC00AFE182 /* Views */,
				2C7F614B2CD491570070998C /* MainTabView.swift */,
				2C7F614C2CD491570070998C /* Health_AssistantApp.swift */,
				2C7F614A2CD491570070998C /* Assets.xcassets */,
			);
			path = "Health-Assistant";
			sourceTree = "<group>";
		};
		5079061F2CD4A7EC00AFE182 /* Views */ = {
			isa = PBXGroup;
			children = (
				5079062E2CD4AAB300AFE182 /* Homeviews */,
				507906332CD4AAC300AFE182 /* MedisonViews */,
				507906342CD4AAC600AFE182 /* HealthListViews */,
				507906352CD4AAC800AFE182 /* ProFileViews */,
			);
			path = Views;
			sourceTree = "<group>";
		};
		507906212CD4A87700AFE182 /* Models */ = {
			isa = PBXGroup;
			children = (
				507906242CD4AA5000AFE182 /* Model.swift */,
			);
			path = Models;
			sourceTree = "<group>";
		};
		5079062E2CD4AAB300AFE182 /* Homeviews */ = {
			isa = PBXGroup;
			children = (
				5079062D2CD4AAB300AFE182 /* HomeView.swift */,
			);
			path = Homeviews;
			sourceTree = "<group>";
		};
		507906332CD4AAC300AFE182 /* MedisonViews */ = {
			isa = PBXGroup;
			children = (
				507906262CD4AA5E00AFE182 /* MedisonView.swift */,
			);
			path = MedisonViews;
			sourceTree = "<group>";
		};
		507906342CD4AAC600AFE182 /* HealthListViews */ = {
			isa = PBXGroup;
			children = (
				507906282CD4AA7900AFE182 /* HealthListView.swift */,
			);
			path = HealthListViews;
			sourceTree = "<group>";
		};
		507906352CD4AAC800AFE182 /* ProFileViews */ = {
			isa = PBXGroup;
			children = (
				5079062A2CD4AA9F00AFE182 /* ProFileView.swift */,
			);
			path = ProFileViews;
			sourceTree = "<group>";
		};
		507906372CD4AB1B00AFE182 /* Util */ = {
			isa = PBXGroup;
			children = (
				507906392CD4AB2500AFE182 /* Font */,
			);
			path = Util;
			sourceTree = "<group>";
		};
		507906392CD4AB2500AFE182 /* Font */ = {
			isa = PBXGroup;
			children = (
				5079063A2CD4AB9900AFE182 /* Pretendard-Black.ttf */,
				5079063B2CD4AB9900AFE182 /* Pretendard-Bold.ttf */,
				5079063C2CD4AB9900AFE182 /* Pretendard-ExtraBold.ttf */,
				5079063D2CD4AB9900AFE182 /* Pretendard-ExtraLight.ttf */,
				5079063E2CD4AB9900AFE182 /* Pretendard-Light.ttf */,
				5079063F2CD4AB9900AFE182 /* Pretendard-Medium.ttf */,
				507906402CD4AB9900AFE182 /* Pretendard-Regular.ttf */,
				507906412CD4AB9900AFE182 /* Pretendard-SemiBold.ttf */,
				507906422CD4AB9900AFE182 /* Pretendard-Thin.ttf */,
			);
			path = Font;
			sourceTree = "<group>";
		};
		5079064E2CD4AED200AFE182 /* ViewModels */ = {
			isa = PBXGroup;
			children = (
				5079064F2CD4AEDA00AFE182 /* SwiftUIView.swift */,
			);
			path = ViewModels;
			sourceTree = "<group>";
		};
/* End PBXGroup section */

/* Begin PBXNativeTarget section */
		2C7F61362CD4914E0070998C /* Health-Assistant */ = {
			isa = PBXNativeTarget;
			buildConfigurationList = 2C7F61452CD491500070998C /* Build configuration list for PBXNativeTarget "Health-Assistant" */;
			buildPhases = (
				2C7F61332CD4914E0070998C /* Sources */,
				2C7F61342CD4914E0070998C /* Frameworks */,
				2C7F61352CD4914E0070998C /* Resources */,
			);
			buildRules = (
			);
			dependencies = (
			);
			name = "Health-Assistant";
			packageProductDependencies = (
			);
			productName = "Health-Assistant";
			productReference = 2C7F61372CD4914E0070998C /* Health-Assistant.app */;
			productType = "com.apple.product-type.application";
		};
/* End PBXNativeTarget section */

/* Begin PBXProject section */
		2C7F612F2CD4914E0070998C /* Project object */ = {
			isa = PBXProject;
			attributes = {
				BuildIndependentTargetsInParallel = 1;
				LastSwiftUpdateCheck = 1610;
				LastUpgradeCheck = 1610;
				TargetAttributes = {
					2C7F61362CD4914E0070998C = {
						CreatedOnToolsVersion = 16.1;
					};
				};
			};
			buildConfigurationList = 2C7F61322CD4914E0070998C /* Build configuration list for PBXProject "Health-Assistant" */;
			developmentRegion = en;
			hasScannedForEncodings = 0;
			knownRegions = (
				en,
				Base,
			);
			mainGroup = 2C7F612E2CD4914E0070998C;
			minimizedProjectReferenceProxies = 1;
			preferredProjectObjectVersion = 77;
			productRefGroup = 2C7F61382CD4914E0070998C /* Products */;
			projectDirPath = "";
			projectRoot = "";
			targets = (
				2C7F61362CD4914E0070998C /* Health-Assistant */,
			);
		};
/* End PBXProject section */

/* Begin PBXResourcesBuildPhase section */
		2C7F61352CD4914E0070998C /* Resources */ = {
			isa = PBXResourcesBuildPhase;
			buildActionMask = 2147483647;
			files = (
				2C7F61512CD491570070998C /* Assets.xcassets in Resources */,
				507906432CD4AB9900AFE182 /* Pretendard-ExtraLight.ttf in Resources */,
				507906442CD4AB9900AFE182 /* Pretendard-Light.ttf in Resources */,
				507906452CD4AB9900AFE182 /* Pretendard-Black.ttf in Resources */,
				507906462CD4AB9900AFE182 /* Pretendard-Thin.ttf in Resources */,
				507906472CD4AB9900AFE182 /* Pretendard-Bold.ttf in Resources */,
				507906482CD4AB9900AFE182 /* Pretendard-Medium.ttf in Resources */,
				507906492CD4AB9900AFE182 /* Pretendard-SemiBold.ttf in Resources */,
				5079064A2CD4AB9900AFE182 /* Pretendard-Regular.ttf in Resources */,
				5079064B2CD4AB9900AFE182 /* Pretendard-ExtraBold.ttf in Resources */,
			);
			runOnlyForDeploymentPostprocessing = 0;
		};
/* End PBXResourcesBuildPhase section */

/* Begin PBXSourcesBuildPhase section */
		2C7F61332CD4914E0070998C /* Sources */ = {
			isa = PBXSourcesBuildPhase;
			buildActionMask = 2147483647;
			files = (
				5079062B2CD4AA9F00AFE182 /* ProFileView.swift in Sources */,
				5079062F2CD4AAB300AFE182 /* HomeView.swift in Sources */,
				507906502CD4AEDA00AFE182 /* SwiftUIView.swift in Sources */,
				507906272CD4AA5E00AFE182 /* MedisonView.swift in Sources */,
				507906292CD4AA7900AFE182 /* HealthListView.swift in Sources */,
				2C7F614E2CD491570070998C /* MainTabView.swift in Sources */,
				2C7F614F2CD491570070998C /* Health_AssistantApp.swift in Sources */,
				507906252CD4AA5000AFE182 /* Model.swift in Sources */,
			);
			runOnlyForDeploymentPostprocessing = 0;
		};
/* End PBXSourcesBuildPhase section */

/* Begin XCBuildConfiguration section */
		2C7F61432CD491500070998C /* Debug */ = {
			isa = XCBuildConfiguration;
			buildSettings = {
				ALWAYS_SEARCH_USER_PATHS = NO;
				ASSETCATALOG_COMPILER_GENERATE_SWIFT_ASSET_SYMBOL_EXTENSIONS = YES;
				CLANG_ANALYZER_NONNULL = YES;
				CLANG_ANALYZER_NUMBER_OBJECT_CONVERSION = YES_AGGRESSIVE;
				CLANG_CXX_LANGUAGE_STANDARD = "gnu++20";
				CLANG_ENABLE_MODULES = YES;
				CLANG_ENABLE_OBJC_ARC = YES;
				CLANG_ENABLE_OBJC_WEAK = YES;
				CLANG_WARN_BLOCK_CAPTURE_AUTORELEASING = YES;
				CLANG_WARN_BOOL_CONVERSION = YES;
				CLANG_WARN_COMMA = YES;
				CLANG_WARN_CONSTANT_CONVERSION = YES;
				CLANG_WARN_DEPRECATED_OBJC_IMPLEMENTATIONS = YES;
				CLANG_WARN_DIRECT_OBJC_ISA_USAGE = YES_ERROR;
				CLANG_WARN_DOCUMENTATION_COMMENTS = YES;
				CLANG_WARN_EMPTY_BODY = YES;
				CLANG_WARN_ENUM_CONVERSION = YES;
				CLANG_WARN_INFINITE_RECURSION = YES;
				CLANG_WARN_INT_CONVERSION = YES;
				CLANG_WARN_NON_LITERAL_NULL_CONVERSION = YES;
				CLANG_WARN_OBJC_IMPLICIT_RETAIN_SELF = YES;
				CLANG_WARN_OBJC_LITERAL_CONVERSION = YES;
				CLANG_WARN_OBJC_ROOT_CLASS = YES_ERROR;
				CLANG_WARN_QUOTED_INCLUDE_IN_FRAMEWORK_HEADER = YES;
				CLANG_WARN_RANGE_LOOP_ANALYSIS = YES;
				CLANG_WARN_STRICT_PROTOTYPES = YES;
				CLANG_WARN_SUSPICIOUS_MOVE = YES;
				CLANG_WARN_UNGUARDED_AVAILABILITY = YES_AGGRESSIVE;
				CLANG_WARN_UNREACHABLE_CODE = YES;
				CLANG_WARN__DUPLICATE_METHOD_MATCH = YES;
				COPY_PHASE_STRIP = NO;
				DEBUG_INFORMATION_FORMAT = dwarf;
				ENABLE_STRICT_OBJC_MSGSEND = YES;
				ENABLE_TESTABILITY = YES;
				ENABLE_USER_SCRIPT_SANDBOXING = YES;
				GCC_C_LANGUAGE_STANDARD = gnu17;
				GCC_DYNAMIC_NO_PIC = NO;
				GCC_NO_COMMON_BLOCKS = YES;
				GCC_OPTIMIZATION_LEVEL = 0;
				GCC_PREPROCESSOR_DEFINITIONS = (
					"DEBUG=1",
					"$(inherited)",
				);
				GCC_WARN_64_TO_32_BIT_CONVERSION = YES;
				GCC_WARN_ABOUT_RETURN_TYPE = YES_ERROR;
				GCC_WARN_UNDECLARED_SELECTOR = YES;
				GCC_WARN_UNINITIALIZED_AUTOS = YES_AGGRESSIVE;
				GCC_WARN_UNUSED_FUNCTION = YES;
				GCC_WARN_UNUSED_VARIABLE = YES;
				IPHONEOS_DEPLOYMENT_TARGET = 18.1;
				LOCALIZATION_PREFERS_STRING_CATALOGS = YES;
				MTL_ENABLE_DEBUG_INFO = INCLUDE_SOURCE;
				MTL_FAST_MATH = YES;
				ONLY_ACTIVE_ARCH = YES;
				SDKROOT = iphoneos;
				SWIFT_ACTIVE_COMPILATION_CONDITIONS = "DEBUG $(inherited)";
				SWIFT_OPTIMIZATION_LEVEL = "-Onone";
			};
			name = Debug;
		};
		2C7F61442CD491500070998C /* Release */ = {
			isa = XCBuildConfiguration;
			buildSettings = {
				ALWAYS_SEARCH_USER_PATHS = NO;
				ASSETCATALOG_COMPILER_GENERATE_SWIFT_ASSET_SYMBOL_EXTENSIONS = YES;
				CLANG_ANALYZER_NONNULL = YES;
				CLANG_ANALYZER_NUMBER_OBJECT_CONVERSION = YES_AGGRESSIVE;
				CLANG_CXX_LANGUAGE_STANDARD = "gnu++20";
				CLANG_ENABLE_MODULES = YES;
				CLANG_ENABLE_OBJC_ARC = YES;
				CLANG_ENABLE_OBJC_WEAK = YES;
				CLANG_WARN_BLOCK_CAPTURE_AUTORELEASING = YES;
				CLANG_WARN_BOOL_CONVERSION = YES;
				CLANG_WARN_COMMA = YES;
				CLANG_WARN_CONSTANT_CONVERSION = YES;
				CLANG_WARN_DEPRECATED_OBJC_IMPLEMENTATIONS = YES;
				CLANG_WARN_DIRECT_OBJC_ISA_USAGE = YES_ERROR;
				CLANG_WARN_DOCUMENTATION_COMMENTS = YES;
				CLANG_WARN_EMPTY_BODY = YES;
				CLANG_WARN_ENUM_CONVERSION = YES;
				CLANG_WARN_INFINITE_RECURSION = YES;
				CLANG_WARN_INT_CONVERSION = YES;
				CLANG_WARN_NON_LITERAL_NULL_CONVERSION = YES;
				CLANG_WARN_OBJC_IMPLICIT_RETAIN_SELF = YES;
				CLANG_WARN_OBJC_LITERAL_CONVERSION = YES;
				CLANG_WARN_OBJC_ROOT_CLASS = YES_ERROR;
				CLANG_WARN_QUOTED_INCLUDE_IN_FRAMEWORK_HEADER = YES;
				CLANG_WARN_RANGE_LOOP_ANALYSIS = YES;
				CLANG_WARN_STRICT_PROTOTYPES = YES;
				CLANG_WARN_SUSPICIOUS_MOVE = YES;
				CLANG_WARN_UNGUARDED_AVAILABILITY = YES_AGGRESSIVE;
				CLANG_WARN_UNREACHABLE_CODE = YES;
				CLANG_WARN__DUPLICATE_METHOD_MATCH = YES;
				COPY_PHASE_STRIP = NO;
				DEBUG_INFORMATION_FORMAT = "dwarf-with-dsym";
				ENABLE_NS_ASSERTIONS = NO;
				ENABLE_STRICT_OBJC_MSGSEND = YES;
				ENABLE_USER_SCRIPT_SANDBOXING = YES;
				GCC_C_LANGUAGE_STANDARD = gnu17;
				GCC_NO_COMMON_BLOCKS = YES;
				GCC_WARN_64_TO_32_BIT_CONVERSION = YES;
				GCC_WARN_ABOUT_RETURN_TYPE = YES_ERROR;
				GCC_WARN_UNDECLARED_SELECTOR = YES;
				GCC_WARN_UNINITIALIZED_AUTOS = YES_AGGRESSIVE;
				GCC_WARN_UNUSED_FUNCTION = YES;
				GCC_WARN_UNUSED_VARIABLE = YES;
				IPHONEOS_DEPLOYMENT_TARGET = 18.1;
				LOCALIZATION_PREFERS_STRING_CATALOGS = YES;
				MTL_ENABLE_DEBUG_INFO = NO;
				MTL_FAST_MATH = YES;
				SDKROOT = iphoneos;
				SWIFT_COMPILATION_MODE = wholemodule;
				VALIDATE_PRODUCT = YES;
			};
			name = Release;
		};
		2C7F61462CD491500070998C /* Debug */ = {
			isa = XCBuildConfiguration;
			buildSettings = {
				ASSETCATALOG_COMPILER_APPICON_NAME = AppIcon;
				ASSETCATALOG_COMPILER_GLOBAL_ACCENT_COLOR_NAME = AccentColor;
				CODE_SIGN_STYLE = Automatic;
				CURRENT_PROJECT_VERSION = 1;
				DEVELOPMENT_ASSET_PATHS = "";
				DEVELOPMENT_TEAM = U4BQZ3AXAA;
				ENABLE_PREVIEWS = YES;
				GENERATE_INFOPLIST_FILE = YES;
				INFOPLIST_FILE = "Health-Assistant/Info.plist";
				INFOPLIST_KEY_CFBundleDisplayName = haha;
				INFOPLIST_KEY_LSApplicationCategoryType = "public.app-category.healthcare-fitness";
				INFOPLIST_KEY_UIApplicationSceneManifest_Generation = YES;
				INFOPLIST_KEY_UIApplicationSupportsIndirectInputEvents = YES;
				INFOPLIST_KEY_UILaunchScreen_Generation = YES;
				INFOPLIST_KEY_UISupportedInterfaceOrientations_iPad = "UIInterfaceOrientationPortrait UIInterfaceOrientationPortraitUpsideDown UIInterfaceOrientationLandscapeLeft UIInterfaceOrientationLandscapeRight";
				INFOPLIST_KEY_UISupportedInterfaceOrientations_iPhone = "UIInterfaceOrientationPortrait UIInterfaceOrientationLandscapeLeft UIInterfaceOrientationLandscapeRight";
				IPHONEOS_DEPLOYMENT_TARGET = 17.0;
				LD_RUNPATH_SEARCH_PATHS = (
					"$(inherited)",
					"@executable_path/Frameworks",
				);
				MARKETING_VERSION = 1.0;
				PRODUCT_BUNDLE_IDENTIFIER = "com.sueunal.com.Health-Assistant";
				PRODUCT_NAME = "$(TARGET_NAME)";
				SUPPORTED_PLATFORMS = "iphoneos iphonesimulator";
				SUPPORTS_MACCATALYST = NO;
				SUPPORTS_MAC_DESIGNED_FOR_IPHONE_IPAD = NO;
				SUPPORTS_XR_DESIGNED_FOR_IPHONE_IPAD = NO;
				SWIFT_EMIT_LOC_STRINGS = YES;
				SWIFT_VERSION = 5.0;
				TARGETED_DEVICE_FAMILY = 1;
			};
			name = Debug;
		};
		2C7F61472CD491500070998C /* Release */ = {
			isa = XCBuildConfiguration;
			buildSettings = {
				ASSETCATALOG_COMPILER_APPICON_NAME = AppIcon;
				ASSETCATALOG_COMPILER_GLOBAL_ACCENT_COLOR_NAME = AccentColor;
				CODE_SIGN_STYLE = Automatic;
				CURRENT_PROJECT_VERSION = 1;
				DEVELOPMENT_ASSET_PATHS = "";
				DEVELOPMENT_TEAM = U4BQZ3AXAA;
				ENABLE_PREVIEWS = YES;
				GENERATE_INFOPLIST_FILE = YES;
				INFOPLIST_FILE = "Health-Assistant/Info.plist";
				INFOPLIST_KEY_CFBundleDisplayName = haha;
				INFOPLIST_KEY_LSApplicationCategoryType = "public.app-category.healthcare-fitness";
				INFOPLIST_KEY_UIApplicationSceneManifest_Generation = YES;
				INFOPLIST_KEY_UIApplicationSupportsIndirectInputEvents = YES;
				INFOPLIST_KEY_UILaunchScreen_Generation = YES;
				INFOPLIST_KEY_UISupportedInterfaceOrientations_iPad = "UIInterfaceOrientationPortrait UIInterfaceOrientationPortraitUpsideDown UIInterfaceOrientationLandscapeLeft UIInterfaceOrientationLandscapeRight";
				INFOPLIST_KEY_UISupportedInterfaceOrientations_iPhone = "UIInterfaceOrientationPortrait UIInterfaceOrientationLandscapeLeft UIInterfaceOrientationLandscapeRight";
				IPHONEOS_DEPLOYMENT_TARGET = 17.0;
				LD_RUNPATH_SEARCH_PATHS = (
					"$(inherited)",
					"@executable_path/Frameworks",
				);
				MARKETING_VERSION = 1.0;
				PRODUCT_BUNDLE_IDENTIFIER = "com.sueunal.com.Health-Assistant";
				PRODUCT_NAME = "$(TARGET_NAME)";
				SUPPORTED_PLATFORMS = "iphoneos iphonesimulator";
				SUPPORTS_MACCATALYST = NO;
				SUPPORTS_MAC_DESIGNED_FOR_IPHONE_IPAD = NO;
				SUPPORTS_XR_DESIGNED_FOR_IPHONE_IPAD = NO;
				SWIFT_EMIT_LOC_STRINGS = YES;
				SWIFT_VERSION = 5.0;
				TARGETED_DEVICE_FAMILY = 1;
			};
			name = Release;
		};
/* End XCBuildConfiguration section */

/* Begin XCConfigurationList section */
		2C7F61322CD4914E0070998C /* Build configuration list for PBXProject "Health-Assistant" */ = {
			isa = XCConfigurationList;
			buildConfigurations = (
				2C7F61432CD491500070998C /* Debug */,
				2C7F61442CD491500070998C /* Release */,
			);
			defaultConfigurationIsVisible = 0;
			defaultConfigurationName = Release;
		};
		2C7F61452CD491500070998C /* Build configuration list for PBXNativeTarget "Health-Assistant" */ = {
			isa = XCConfigurationList;
			buildConfigurations = (
				2C7F61462CD491500070998C /* Debug */,
				2C7F61472CD491500070998C /* Release */,
			);
			defaultConfigurationIsVisible = 0;
			defaultConfigurationName = Release;
		};
/* End XCConfigurationList section */
	};
	rootObject = 2C7F612F2CD4914E0070998C /* Project object */;
}
